
Microsoft Visual Studio Solution File, Format Version 12.00
Project("{FAE04EC0-301F-11D3-BF4B-00C04F79EFBC}") = "Api.Web", "Api.Web\Api.Web.csproj", "{38BE61EB-B5DC-4E52-9CAB-2C72D59EB225}"
EndProject
Project("{FAE04EC0-301F-11D3-BF4B-00C04F79EFBC}") = "Producer", "Producer\Producer.csproj", "{0C40A774-C8EC-47ED-8221-D4870256BD6A}"
EndProject
Project("{FAE04EC0-301F-11D3-BF4B-00C04F79EFBC}") = "Consumer", "Consumer\Consumer.csproj", "{9F2B2290-DB65-405C-92DE-485DED0990F2}"
EndProject
Project("{FAE04EC0-301F-11D3-BF4B-00C04F79EFBC}") = "Entities", "Entities\Entities.csproj", "{0E5D5E9E-01AB-4CA4-A845-338639E0FA57}"
EndProject
Global
	GlobalSection(SolutionConfigurationPlatforms) = preSolution
		Debug|Any CPU = Debug|Any CPU
		Release|Any CPU = Release|Any CPU
	EndGlobalSection
	GlobalSection(ProjectConfigurationPlatforms) = postSolution
		{38BE61EB-B5DC-4E52-9CAB-2C72D59EB225}.Debug|Any CPU.ActiveCfg = Debug|Any CPU
		{38BE61EB-B5DC-4E52-9CAB-2C72D59EB225}.Debug|Any CPU.Build.0 = Debug|Any CPU
		{38BE61EB-B5DC-4E52-9CAB-2C72D59EB225}.Release|Any CPU.ActiveCfg = Release|Any CPU
		{38BE61EB-B5DC-4E52-9CAB-2C72D59EB225}.Release|Any CPU.Build.0 = Release|Any CPU
		{0C40A774-C8EC-47ED-8221-D4870256BD6A}.Debug|Any CPU.ActiveCfg = Debug|Any CPU
		{0C40A774-C8EC-47ED-8221-D4870256BD6A}.Debug|Any CPU.Build.0 = Debug|Any CPU
		{0C40A774-C8EC-47ED-8221-D4870256BD6A}.Release|Any CPU.ActiveCfg = Release|Any CPU
		{0C40A774-C8EC-47ED-8221-D4870256BD6A}.Release|Any CPU.Build.0 = Release|Any CPU
		{9F2B2290-DB65-405C-92DE-485DED0990F2}.Debug|Any CPU.ActiveCfg = Debug|Any CPU
		{9F2B2290-DB65-405C-92DE-485DED0990F2}.Debug|Any CPU.Build.0 = Debug|Any CPU
		{9F2B2290-DB65-405C-92DE-485DED0990F2}.Release|Any CPU.ActiveCfg = Release|Any CPU
		{9F2B2290-DB65-405C-92DE-485DED0990F2}.Release|Any CPU.Build.0 = Release|Any CPU
		{0E5D5E9E-01AB-4CA4-A845-338639E0FA57}.Debug|Any CPU.ActiveCfg = Debug|Any CPU
		{0E5D5E9E-01AB-4CA4-A845-338639E0FA57}.Debug|Any CPU.Build.0 = Debug|Any CPU
		{0E5D5E9E-01AB-4CA4-A845-338639E0FA57}.Release|Any CPU.ActiveCfg = Release|Any CPU
		{0E5D5E9E-01AB-4CA4-A845-338639E0FA57}.Release|Any CPU.Build.0 = Release|Any CPU
	EndGlobalSection
EndGlobal
